
Microsoft Visual Studio Solution File, Format Version 12.00
# Visual Studio Version 16
VisualStudioVersion = 16.0.30804.86
MinimumVisualStudioVersion = 10.0.40219.1
Project("{888888A0-9F3D-457C-B088-3A5042F75D52}") = "DiscordBotV3", "DiscordBotV3.pyproj", "{252ABBDF-4480-4ED4-99BE-69E6D57296BB}"
EndProject
Global
	GlobalSection(SolutionConfigurationPlatforms) = preSolution
		Debug|Any CPU = Debug|Any CPU
		Release|Any CPU = Release|Any CPU
	EndGlobalSection
	GlobalSection(ProjectConfigurationPlatforms) = postSolution
		{252ABBDF-4480-4ED4-99BE-69E6D57296BB}.Debug|Any CPU.ActiveCfg = Debug|Any CPU
		{252ABBDF-4480-4ED4-99BE-69E6D57296BB}.Release|Any CPU.ActiveCfg = Release|Any CPU
	EndGlobalSection
	GlobalSection(SolutionProperties) = preSolution
		HideSolutionNode = FALSE
	EndGlobalSection
	GlobalSection(ExtensibilityGlobals) = postSolution
		SolutionGuid = {29D12641-CD5A-4B5A-BFEE-602C00CB29BB}
	EndGlobalSection
EndGlobal
